
Microsoft Visual Studio Solution File, Format Version 12.00
# Visual Studio 2015
Project("{FAE04EC0-301F-11D3-BF4B-00C04F79EFBC}") = "Bird", "Bird.csproj", "{BEA5EF78-6CD0-E786-25F6-7D61473EF7FF}"
EndProject
Project("{FAE04EC0-301F-11D3-BF4B-00C04F79EFBC}") = "Bird.Editor", "Bird.Editor.csproj", "{6093BB0B-B012-0480-C37D-07C9790E6C36}"
EndProject
Global
	GlobalSection(SolutionConfigurationPlatforms) = preSolution
		Debug|Any CPU = Debug|Any CPU
		Release|Any CPU = Release|Any CPU
	EndGlobalSection
	GlobalSection(ProjectConfigurationPlatforms) = postSolution
		{BEA5EF78-6CD0-E786-25F6-7D61473EF7FF}.Debug|Any CPU.ActiveCfg = Debug|Any CPU
		{BEA5EF78-6CD0-E786-25F6-7D61473EF7FF}.Debug|Any CPU.Build.0 = Debug|Any CPU
		{BEA5EF78-6CD0-E786-25F6-7D61473EF7FF}.Release|Any CPU.ActiveCfg = Release|Any CPU
		{BEA5EF78-6CD0-E786-25F6-7D61473EF7FF}.Release|Any CPU.Build.0 = Release|Any CPU
		{6093BB0B-B012-0480-C37D-07C9790E6C36}.Debug|Any CPU.ActiveCfg = Debug|Any CPU
		{6093BB0B-B012-0480-C37D-07C9790E6C36}.Debug|Any CPU.Build.0 = Debug|Any CPU
		{6093BB0B-B012-0480-C37D-07C9790E6C36}.Release|Any CPU.ActiveCfg = Release|Any CPU
		{6093BB0B-B012-0480-C37D-07C9790E6C36}.Release|Any CPU.Build.0 = Release|Any CPU
	EndGlobalSection
	GlobalSection(SolutionProperties) = preSolution
		HideSolutionNode = FALSE
	EndGlobalSection
EndGlobal
